{
  "originHash" : "647313df010fb9a85dd0b67f9cbf95cb66cd913895b23dd84c0cef3e81dc7196",
  "pins" : [
    {
      "identity" : "hawcx_ios_sdk",
      "kind" : "remoteSourceControl",
      "location" : "https://github.com/hawcx/hawcx_ios_sdk.git",
      "state" : {
        "revision" : "ced148d266cbcf469824def1606c4370a2c9a360",
        "version" : "4.0.2"
      }
    },
    {
      "identity" : "lottie-ios",
      "kind" : "remoteSourceControl",
      "location" : "https://github.com/airbnb/lottie-ios.git",
      "state" : {
        "revision" : "047aa81b77adcbf583a966dfef620d17650cc656",
        "version" : "4.5.1"
      }
    }
  ],
  "version" : 3
}
